// !$*UTF8*$!
{
	archiveVersion = 1;
	classes = {
	};
	objectVersion = 46;
	objects = {

/* Begin PBXBuildFile section */
		D8B44DC41C6FB79800F2CB09 /* AppDelegate.swift in Sources */ = {isa = PBXBuildFile; fileRef = D8B44DC31C6FB79800F2CB09 /* AppDelegate.swift */; };
		D8B44DC61C6FB79800F2CB09 /* ViewController.swift in Sources */ = {isa = PBXBuildFile; fileRef = D8B44DC51C6FB79800F2CB09 /* ViewController.swift */; };
		D8B44DC91C6FB79800F2CB09 /* Main.storyboard in Resources */ = {isa = PBXBuildFile; fileRef = D8B44DC71C6FB79800F2CB09 /* Main.storyboard */; };
		D8B44DCB1C6FB79800F2CB09 /* Assets.xcassets in Resources */ = {isa = PBXBuildFile; fileRef = D8B44DCA1C6FB79800F2CB09 /* Assets.xcassets */; };
		D8B44DCE1C6FB79800F2CB09 /* LaunchScreen.storyboard in Resources */ = {isa = PBXBuildFile; fileRef = D8B44DCC1C6FB79800F2CB09 /* LaunchScreen.storyboard */; };
		D8B44DD91C6FB79800F2CB09 /* TipCalcTests.swift in Sources */ = {isa = PBXBuildFile; fileRef = D8B44DD81C6FB79800F2CB09 /* TipCalcTests.swift */; };
		D8B44DE41C6FB79800F2CB09 /* TipCalcUITests.swift in Sources */ = {isa = PBXBuildFile; fileRef = D8B44DE31C6FB79800F2CB09 /* TipCalcUITests.swift */; };
/* End PBXBuildFile section */

/* Begin PBXContainerItemProxy section */
		D8B44DD51C6FB79800F2CB09 /* PBXContainerItemProxy */ = {
			isa = PBXContainerItemProxy;
			containerPortal = D8B44DB81C6FB79800F2CB09 /* Project object */;
			proxyType = 1;
			remoteGlobalIDString = D8B44DBF1C6FB79800F2CB09;
			remoteInfo = TipCalc;
		};
		D8B44DE01C6FB79800F2CB09 /* PBXContainerItemProxy */ = {
			isa = PBXContainerItemProxy;
			containerPortal = D8B44DB81C6FB79800F2CB09 /* Project object */;
			proxyType = 1;
			remoteGlobalIDString = D8B44DBF1C6FB79800F2CB09;
			remoteInfo = TipCalc;
		};
/* End PBXContainerItemProxy section */

/* Begin PBXFileReference section */
		D8B44DC01C6FB79800F2CB09 /* TipCalc.app */ = {isa = PBXFileReference; explicitFileType = wrapper.application; includeInIndex = 0; path = TipCalc.app; sourceTree = BUILT_PRODUCTS_DIR; };
		D8B44DC31C6FB79800F2CB09 /* AppDelegate.swift */ = {isa = PBXFileReference; lastKnownFileType = sourcecode.swift; path = AppDelegate.swift; sourceTree = "<group>"; };
		D8B44DC51C6FB79800F2CB09 /* ViewController.swift */ = {isa = PBXFileReference; lastKnownFileType = sourcecode.swift; path = ViewController.swift; sourceTree = "<group>"; };
		D8B44DC81C6FB79800F2CB09 /* Base */ = {isa = PBXFileReference; lastKnownFileType = file.storyboard; name = Base; path = Base.lproj/Main.storyboard; sourceTree = "<group>"; };
		D8B44DCA1C6FB79800F2CB09 /* Assets.xcassets */ = {isa = PBXFileReference; lastKnownFileType = folder.assetcatalog; path = Assets.xcassets; sourceTree = "<group>"; };
		D8B44DCD1C6FB79800F2CB09 /* Base */ = {isa = PBXFileReference; lastKnownFileType = file.storyboard; name = Base; path = Base.lproj/LaunchScreen.storyboard; sourceTree = "<group>"; };
		D8B44DCF1C6FB79800F2CB09 /* Info.plist */ = {isa = PBXFileReference; lastKnownFileType = text.plist.xml; path = Info.plist; sourceTree = "<group>"; };
		D8B44DD41C6FB79800F2CB09 /* TipCalcTests.xctest */ = {isa = PBXFileReference; explicitFileType = wrapper.cfbundle; includeInIndex = 0; path = TipCalcTests.xctest; sourceTree = BUILT_PRODUCTS_DIR; };
		D8B44DD81C6FB79800F2CB09 /* TipCalcTests.swift */ = {isa = PBXFileReference; lastKnownFileType = sourcecode.swift; path = TipCalcTests.swift; sourceTree = "<group>"; };
		D8B44DDA1C6FB79800F2CB09 /* Info.plist */ = {isa = PBXFileReference; lastKnownFileType = text.plist.xml; path = Info.plist; sourceTree = "<group>"; };
		D8B44DDF1C6FB79800F2CB09 /* TipCalcUITests.xctest */ = {isa = PBXFileReference; explicitFileType = wrapper.cfbundle; includeInIndex = 0; path = TipCalcUITests.xctest; sourceTree = BUILT_PRODUCTS_DIR; };
		D8B44DE31C6FB79800F2CB09 /* TipCalcUITests.swift */ = {isa = PBXFileReference; lastKnownFileType = sourcecode.swift; path = TipCalcUITests.swift; sourceTree = "<group>"; };
		D8B44DE51C6FB79800F2CB09 /* Info.plist */ = {isa = PBXFileReference; lastKnownFileType = text.plist.xml; path = Info.plist; sourceTree = "<group>"; };
/* End PBXFileReference section */

/* Begin PBXFrameworksBuildPhase section */
		D8B44DBD1C6FB79800F2CB09 /* Frameworks */ = {
			isa = PBXFrameworksBuildPhase;
			buildActionMask = 2147483647;
			files = (
			);
			runOnlyForDeploymentPostprocessing = 0;
		};
		D8B44DD11C6FB79800F2CB09 /* Frameworks */ = {
			isa = PBXFrameworksBuildPhase;
			buildActionMask = 2147483647;
			files = (
			);
			runOnlyForDeploymentPostprocessing = 0;
		};
		D8B44DDC1C6FB79800F2CB09 /* Frameworks */ = {
			isa = PBXFrameworksBuildPhase;
			buildActionMask = 2147483647;
			files = (
			);
			runOnlyForDeploymentPostprocessing = 0;
		};
/* End PBXFrameworksBuildPhase section */

/* Begin PBXGroup section */
		D8B44DB71C6FB79800F2CB09 = {
			isa = PBXGroup;
			children = (
				D8B44DC21C6FB79800F2CB09 /* TipCalc */,
				D8B44DD71C6FB79800F2CB09 /* TipCalcTests */,
				D8B44DE21C6FB79800F2CB09 /* TipCalcUITests */,
				D8B44DC11C6FB79800F2CB09 /* Products */,
			);
			sourceTree = "<group>";
		};
		D8B44DC11C6FB79800F2CB09 /* Products */ = {
			isa = PBXGroup;
			children = (
				D8B44DC01C6FB79800F2CB09 /* TipCalc.app */,
				D8B44DD41C6FB79800F2CB09 /* TipCalcTests.xctest */,
				D8B44DDF1C6FB79800F2CB09 /* TipCalcUITests.xctest */,
			);
			name = Products;
			sourceTree = "<group>";
		};
		D8B44DC21C6FB79800F2CB09 /* TipCalc */ = {
			isa = PBXGroup;
			children = (
				D8B44DC31C6FB79800F2CB09 /* AppDelegate.swift */,
				D8B44DC51C6FB79800F2CB09 /* ViewController.swift */,
				D8B44DC71C6FB79800F2CB09 /* Main.storyboard */,
				D8B44DCA1C6FB79800F2CB09 /* Assets.xcassets */,
				D8B44DCC1C6FB79800F2CB09 /* LaunchScreen.storyboard */,
				D8B44DCF1C6FB79800F2CB09 /* Info.plist */,
			);
			path = TipCalc;
			sourceTree = "<group>";
		};
		D8B44DD71C6FB79800F2CB09 /* TipCalcTests */ = {
			isa = PBXGroup;
			children = (
				D8B44DD81C6FB79800F2CB09 /* TipCalcTests.swift */,
				D8B44DDA1C6FB79800F2CB09 /* Info.plist */,
			);
			path = TipCalcTests;
			sourceTree = "<group>";
		};
		D8B44DE21C6FB79800F2CB09 /* TipCalcUITests */ = {
			isa = PBXGroup;
			children = (
				D8B44DE31C6FB79800F2CB09 /* TipCalcUITests.swift */,
				D8B44DE51C6FB79800F2CB09 /* Info.plist */,
			);
			path = TipCalcUITests;
			sourceTree = "<group>";
		};
/* End PBXGroup section */

/* Begin PBXNativeTarget section */
		D8B44DBF1C6FB79800F2CB09 /* TipCalc */ = {
			isa = PBXNativeTarget;
			buildConfigurationList = D8B44DE81C6FB79800F2CB09 /* Build configuration list for PBXNativeTarget "TipCalc" */;
			buildPhases = (
				D8B44DBC1C6FB79800F2CB09 /* Sources */,
				D8B44DBD1C6FB79800F2CB09 /* Frameworks */,
				D8B44DBE1C6FB79800F2CB09 /* Resources */,
			);
			buildRules = (
			);
			dependencies = (
			);
			name = TipCalc;
			productName = TipCalc;
			productReference = D8B44DC01C6FB79800F2CB09 /* TipCalc.app */;
			productType = "com.apple.product-type.application";
		};
		D8B44DD31C6FB79800F2CB09 /* TipCalcTests */ = {
			isa = PBXNativeTarget;
			buildConfigurationList = D8B44DEB1C6FB79800F2CB09 /* Build configuration list for PBXNativeTarget "TipCalcTests" */;
			buildPhases = (
				D8B44DD01C6FB79800F2CB09 /* Sources */,
				D8B44DD11C6FB79800F2CB09 /* Frameworks */,
				D8B44DD21C6FB79800F2CB09 /* Resources */,
			);
			buildRules = (
			);
			dependencies = (
				D8B44DD61C6FB79800F2CB09 /* PBXTargetDependency */,
			);
			name = TipCalcTests;
			productName = TipCalcTests;
			productReference = D8B44DD41C6FB79800F2CB09 /* TipCalcTests.xctest */;
			productType = "com.apple.product-type.bundle.unit-test";
		};
		D8B44DDE1C6FB79800F2CB09 /* TipCalcUITests */ = {
			isa = PBXNativeTarget;
			buildConfigurationList = D8B44DEE1C6FB79800F2CB09 /* Build configuration list for PBXNativeTarget "TipCalcUITests" */;
			buildPhases = (
				D8B44DDB1C6FB79800F2CB09 /* Sources */,
				D8B44DDC1C6FB79800F2CB09 /* Frameworks */,
				D8B44DDD1C6FB79800F2CB09 /* Resources */,
			);
			buildRules = (
			);
			dependencies = (
				D8B44DE11C6FB79800F2CB09 /* PBXTargetDependency */,
			);
			name = TipCalcUITests;
			productName = TipCalcUITests;
			productReference = D8B44DDF1C6FB79800F2CB09 /* TipCalcUITests.xctest */;
			productType = "com.apple.product-type.bundle.ui-testing";
		};
/* End PBXNativeTarget section */

/* Begin PBXProject section */
		D8B44DB81C6FB79800F2CB09 /* Project object */ = {
			isa = PBXProject;
			attributes = {
				LastSwiftUpdateCheck = 0720;
				LastUpgradeCheck = 0720;
				ORGANIZATIONNAME = "Jared Gutierrez";
				TargetAttributes = {
					D8B44DBF1C6FB79800F2CB09 = {
						CreatedOnToolsVersion = 7.2.1;
					};
					D8B44DD31C6FB79800F2CB09 = {
						CreatedOnToolsVersion = 7.2.1;
						TestTargetID = D8B44DBF1C6FB79800F2CB09;
					};
					D8B44DDE1C6FB79800F2CB09 = {
						CreatedOnToolsVersion = 7.2.1;
						TestTargetID = D8B44DBF1C6FB79800F2CB09;
					};
				};
			};
			buildConfigurationList = D8B44DBB1C6FB79800F2CB09 /* Build configuration list for PBXProject "TipCalc" */;
			compatibilityVersion = "Xcode 3.2";
			developmentRegion = English;
			hasScannedForEncodings = 0;
			knownRegions = (
				en,
				Base,
			);
			mainGroup = D8B44DB71C6FB79800F2CB09;
			productRefGroup = D8B44DC11C6FB79800F2CB09 /* Products */;
			projectDirPath = "";
			projectRoot = "";
			targets = (
				D8B44DBF1C6FB79800F2CB09 /* TipCalc */,
				D8B44DD31C6FB79800F2CB09 /* TipCalcTests */,
				D8B44DDE1C6FB79800F2CB09 /* TipCalcUITests */,
			);
		};
/* End PBXProject section */

/* Begin PBXResourcesBuildPhase section */
		D8B44DBE1C6FB79800F2CB09 /* Resources */ = {
			isa = PBXResourcesBuildPhase;
			buildActionMask = 2147483647;
			files = (
				D8B44DCE1C6FB79800F2CB09 /* LaunchScreen.storyboard in Resources */,
				D8B44DCB1C6FB79800F2CB09 /* Assets.xcassets in Resources */,
				D8B44DC91C6FB79800F2CB09 /* Main.storyboard in Resources */,
			);
			runOnlyForDeploymentPostprocessing = 0;
		};
		D8B44DD21C6FB79800F2CB09 /* Resources */ = {
			isa = PBXResourcesBuildPhase;
			buildActionMask = 2147483647;
			files = (
			);
			runOnlyForDeploymentPostprocessing = 0;
		};
		D8B44DDD1C6FB79800F2CB09 /* Resources */ = {
			isa = PBXResourcesBuildPhase;
			buildActionMask = 2147483647;
			files = (
			);
			runOnlyForDeploymentPostprocessing = 0;
		};
/* End PBXResourcesBuildPhase section */

/* Begin PBXSourcesBuildPhase section */
		D8B44DBC1C6FB79800F2CB09 /* Sources */ = {
			isa = PBXSourcesBuildPhase;
			buildActionMask = 2147483647;
			files = (
				D8B44DC61C6FB79800F2CB09 /* ViewController.swift in Sources */,
				D8B44DC41C6FB79800F2CB09 /* AppDelegate.swift in Sources */,
			);
			runOnlyForDeploymentPostprocessing = 0;
		};
		D8B44DD01C6FB79800F2CB09 /* Sources */ = {
			isa = PBXSourcesBuildPhase;
			buildActionMask = 2147483647;
			files = (
				D8B44DD91C6FB79800F2CB09 /* TipCalcTests.swift in Sources */,
			);
			runOnlyForDeploymentPostprocessing = 0;
		};
		D8B44DDB1C6FB79800F2CB09 /* Sources */ = {
			isa = PBXSourcesBuildPhase;
			buildActionMask = 2147483647;
			files = (
				D8B44DE41C6FB79800F2CB09 /* TipCalcUITests.swift in Sources */,
			);
			runOnlyForDeploymentPostprocessing = 0;
		};
/* End PBXSourcesBuildPhase section */

/* Begin PBXTargetDependency section */
		D8B44DD61C6FB79800F2CB09 /* PBXTargetDependency */ = {
			isa = PBXTargetDependency;
			target = D8B44DBF1C6FB79800F2CB09 /* TipCalc */;
			targetProxy = D8B44DD51C6FB79800F2CB09 /* PBXContainerItemProxy */;
		};
		D8B44DE11C6FB79800F2CB09 /* PBXTargetDependency */ = {
			isa = PBXTargetDependency;
			target = D8B44DBF1C6FB79800F2CB09 /* TipCalc */;
			targetProxy = D8B44DE01C6FB79800F2CB09 /* PBXContainerItemProxy */;
		};
/* End PBXTargetDependency section */

/* Begin PBXVariantGroup section */
		D8B44DC71C6FB79800F2CB09 /* Main.storyboard */ = {
			isa = PBXVariantGroup;
			children = (
				D8B44DC81C6FB79800F2CB09 /* Base */,
			);
			name = Main.storyboard;
			sourceTree = "<group>";
		};
		D8B44DCC1C6FB79800F2CB09 /* LaunchScreen.storyboard */ = {
			isa = PBXVariantGroup;
			children = (
				D8B44DCD1C6FB79800F2CB09 /* Base */,
			);
			name = LaunchScreen.storyboard;
			sourceTree = "<group>";
		};
/* End PBXVariantGroup section */

/* Begin XCBuildConfiguration section */
		D8B44DE61C6FB79800F2CB09 /* Debug */ = {
			isa = XCBuildConfiguration;
			buildSettings = {
				ALWAYS_SEARCH_USER_PATHS = NO;
				CLANG_CXX_LANGUAGE_STANDARD = "gnu++0x";
				CLANG_CXX_LIBRARY = "libc++";
				CLANG_ENABLE_MODULES = YES;
				CLANG_ENABLE_OBJC_ARC = YES;
				CLANG_WARN_BOOL_CONVERSION = YES;
				CLANG_WARN_CONSTANT_CONVERSION = YES;
				CLANG_WARN_DIRECT_OBJC_ISA_USAGE = YES_ERROR;
				CLANG_WARN_EMPTY_BODY = YES;
				CLANG_WARN_ENUM_CONVERSION = YES;
				CLANG_WARN_INT_CONVERSION = YES;
				CLANG_WARN_OBJC_ROOT_CLASS = YES_ERROR;
				CLANG_WARN_UNREACHABLE_CODE = YES;
				CLANG_WARN__DUPLICATE_METHOD_MATCH = YES;
				"CODE_SIGN_IDENTITY[sdk=iphoneos*]" = "iPhone Developer";
				COPY_PHASE_STRIP = NO;
				DEBUG_INFORMATION_FORMAT = dwarf;
				ENABLE_STRICT_OBJC_MSGSEND = YES;
				ENABLE_TESTABILITY = YES;
				GCC_C_LANGUAGE_STANDARD = gnu99;
				GCC_DYNAMIC_NO_PIC = NO;
				GCC_NO_COMMON_BLOCKS = YES;
				GCC_OPTIMIZATION_LEVEL = 0;
				GCC_PREPROCESSOR_DEFINITIONS = (
					"DEBUG=1",
					"$(inherited)",
				);
				GCC_WARN_64_TO_32_BIT_CONVERSION = YES;
				GCC_WARN_ABOUT_RETURN_TYPE = YES_ERROR;
				GCC_WARN_UNDECLARED_SELECTOR = YES;
				GCC_WARN_UNINITIALIZED_AUTOS = YES_AGGRESSIVE;
				GCC_WARN_UNUSED_FUNCTION = YES;
				GCC_WARN_UNUSED_VARIABLE = YES;
				IPHONEOS_DEPLOYMENT_TARGET = 9.2;
				MTL_ENABLE_DEBUG_INFO = YES;
				ONLY_ACTIVE_ARCH = YES;
				SDKROOT = iphoneos;
				SWIFT_OPTIMIZATION_LEVEL = "-Onone";
			};
			name = Debug;
		};
		D8B44DE71C6FB79800F2CB09 /* Release */ = {
			isa = XCBuildConfiguration;
			buildSettings = {
				ALWAYS_SEARCH_USER_PATHS = NO;
				CLANG_CXX_LANGUAGE_STANDARD = "gnu++0x";
				CLANG_CXX_LIBRARY = "libc++";
				CLANG_ENABLE_MODULES = YES;
				CLANG_ENABLE_OBJC_ARC = YES;
				CLANG_WARN_BOOL_CONVERSION = YES;
				CLANG_WARN_CONSTANT_CONVERSION = YES;
				CLANG_WARN_DIRECT_OBJC_ISA_USAGE = YES_ERROR;
				CLANG_WARN_EMPTY_BODY = YES;
				CLANG_WARN_ENUM_CONVERSION = YES;
				CLANG_WARN_INT_CONVERSION = YES;
				CLANG_WARN_OBJC_ROOT_CLASS = YES_ERROR;
				CLANG_WARN_UNREACHABLE_CODE = YES;
				CLANG_WARN__DUPLICATE_METHOD_MATCH = YES;
				"CODE_SIGN_IDENTITY[sdk=iphoneos*]" = "iPhone Developer";
				COPY_PHASE_STRIP = NO;
				DEBUG_INFORMATION_FORMAT = "dwarf-with-dsym";
				ENABLE_NS_ASSERTIONS = NO;
				ENABLE_STRICT_OBJC_MSGSEND = YES;
				GCC_C_LANGUAGE_STANDARD = gnu99;
				GCC_NO_COMMON_BLOCKS = YES;
				GCC_WARN_64_TO_32_BIT_CONVERSION = YES;
				GCC_WARN_ABOUT_RETURN_TYPE = YES_ERROR;
				GCC_WARN_UNDECLARED_SELECTOR = YES;
				GCC_WARN_UNINITIALIZED_AUTOS = YES_AGGRESSIVE;
				GCC_WARN_UNUSED_FUNCTION = YES;
				GCC_WARN_UNUSED_VARIABLE = YES;
				IPHONEOS_DEPLOYMENT_TARGET = 9.2;
				MTL_ENABLE_DEBUG_INFO = NO;
				SDKROOT = iphoneos;
				VALIDATE_PRODUCT = YES;
			};
			name = Release;
		};
		D8B44DE91C6FB79800F2CB09 /* Debug */ = {
			isa = XCBuildConfiguration;
			buildSettings = {
				ASSETCATALOG_COMPILER_APPICON_NAME = AppIcon;
				INFOPLIST_FILE = TipCalc/Info.plist;
				LD_RUNPATH_SEARCH_PATHS = "$(inherited) @executable_path/Frameworks";
				PRODUCT_BUNDLE_IDENTIFIER = jared.gut.TipCalc;
				PRODUCT_NAME = "$(TARGET_NAME)";
			};
			name = Debug;
		};
		D8B44DEA1C6FB79800F2CB09 /* Release */ = {
			isa = XCBuildConfiguration;
			buildSettings = {
				ASSETCATALOG_COMPILER_APPICON_NAME = AppIcon;
				INFOPLIST_FILE = TipCalc/Info.plist;
				LD_RUNPATH_SEARCH_PATHS = "$(inherited) @executable_path/Frameworks";
				PRODUCT_BUNDLE_IDENTIFIER = jared.gut.TipCalc;
				PRODUCT_NAME = "$(TARGET_NAME)";
			};
			name = Release;
		};
		D8B44DEC1C6FB79800F2CB09 /* Debug */ = {
			isa = XCBuildConfiguration;
			buildSettings = {
				BUNDLE_LOADER = "$(TEST_HOST)";
				INFOPLIST_FILE = TipCalcTests/Info.plist;
				LD_RUNPATH_SEARCH_PATHS = "$(inherited) @executable_path/Frameworks @loader_path/Frameworks";
				PRODUCT_BUNDLE_IDENTIFIER = jared.gut.TipCalcTests;
				PRODUCT_NAME = "$(TARGET_NAME)";
				TEST_HOST = "$(BUILT_PRODUCTS_DIR)/TipCalc.app/TipCalc";
			};
			name = Debug;
		};
		D8B44DED1C6FB79800F2CB09 /* Release */ = {
			isa = XCBuildConfiguration;
			buildSettings = {
				BUNDLE_LOADER = "$(TEST_HOST)";
				INFOPLIST_FILE = TipCalcTests/Info.plist;
				LD_RUNPATH_SEARCH_PATHS = "$(inherited) @executable_path/Frameworks @loader_path/Frameworks";
				PRODUCT_BUNDLE_IDENTIFIER = jared.gut.TipCalcTests;
				PRODUCT_NAME = "$(TARGET_NAME)";
				TEST_HOST = "$(BUILT_PRODUCTS_DIR)/TipCalc.app/TipCalc";
			};
			name = Release;
		};
		D8B44DEF1C6FB79800F2CB09 /* Debug */ = {
			isa = XCBuildConfiguration;
			buildSettings = {
				INFOPLIST_FILE = TipCalcUITests/Info.plist;
				LD_RUNPATH_SEARCH_PATHS = "$(inherited) @executable_path/Frameworks @loader_path/Frameworks";
				PRODUCT_BUNDLE_IDENTIFIER = jared.gut.TipCalcUITests;
				PRODUCT_NAME = "$(TARGET_NAME)";
				TEST_TARGET_NAME = TipCalc;
				USES_XCTRUNNER = YES;
			};
			name = Debug;
		};
		D8B44DF01C6FB79800F2CB09 /* Release */ = {
			isa = XCBuildConfiguration;
			buildSettings = {
				INFOPLIST_FILE = TipCalcUITests/Info.plist;
				LD_RUNPATH_SEARCH_PATHS = "$(inherited) @executable_path/Frameworks @loader_path/Frameworks";
				PRODUCT_BUNDLE_IDENTIFIER = jared.gut.TipCalcUITests;
				PRODUCT_NAME = "$(TARGET_NAME)";
				TEST_TARGET_NAME = TipCalc;
				USES_XCTRUNNER = YES;
			};
			name = Release;
		};
/* End XCBuildConfiguration section */

/* Begin XCConfigurationList section */
		D8B44DBB1C6FB79800F2CB09 /* Build configuration list for PBXProject "TipCalc" */ = {
			isa = XCConfigurationList;
			buildConfigurations = (
				D8B44DE61C6FB79800F2CB09 /* Debug */,
				D8B44DE71C6FB79800F2CB09 /* Release */,
			);
			defaultConfigurationIsVisible = 0;
			defaultConfigurationName = Release;
		};
		D8B44DE81C6FB79800F2CB09 /* Build configuration list for PBXNativeTarget "TipCalc" */ = {
			isa = XCConfigurationList;
			buildConfigurations = (
				D8B44DE91C6FB79800F2CB09 /* Debug */,
				D8B44DEA1C6FB79800F2CB09 /* Release */,
			);
			defaultConfigurationIsVisible = 0;
		};
		D8B44DEB1C6FB79800F2CB09 /* Build configuration list for PBXNativeTarget "TipCalcTests" */ = {
			isa = XCConfigurationList;
			buildConfigurations = (
				D8B44DEC1C6FB79800F2CB09 /* Debug */,
				D8B44DED1C6FB79800F2CB09 /* Release */,
			);
			defaultConfigurationIsVisible = 0;
		};
		D8B44DEE1C6FB79800F2CB09 /* Build configuration list for PBXNativeTarget "TipCalcUITests" */ = {
			isa = XCConfigurationList;
			buildConfigurations = (
				D8B44DEF1C6FB79800F2CB09 /* Debug */,
				D8B44DF01C6FB79800F2CB09 /* Release */,
			);
			defaultConfigurationIsVisible = 0;
		};
/* End XCConfigurationList section */
	};
	rootObject = D8B44DB81C6FB79800F2CB09 /* Project object */;
}
